
Microsoft Visual Studio Solution File, Format Version 12.00
# Visual Studio Version 16
VisualStudioVersion = 16.0.31129.286
MinimumVisualStudioVersion = 10.0.40219.1
Project("{9A19103F-16F7-4668-BE54-9A1E7A4F7556}") = "PolicyStoreApplication", "PolicyStoreApplication\PolicyStoreApplication.csproj", "{54343EC6-A4B9-4245-AEF1-BB8C97C8BA90}"
EndProject
Project("{9A19103F-16F7-4668-BE54-9A1E7A4F7556}") = "PolicyStoreApplication.IntegrationTests", "PolicyStoreApplication.IntegrationTests\PolicyStoreApplication.IntegrationTests.csproj", "{CDC4853C-F9C1-4086-9D1B-24F509931DE0}"
EndProject
Global
	GlobalSection(SolutionConfigurationPlatforms) = preSolution
		Debug|Any CPU = Debug|Any CPU
		Release|Any CPU = Release|Any CPU
	EndGlobalSection
	GlobalSection(ProjectConfigurationPlatforms) = postSolution
		{54343EC6-A4B9-4245-AEF1-BB8C97C8BA90}.Debug|Any CPU.ActiveCfg = Debug|Any CPU
		{54343EC6-A4B9-4245-AEF1-BB8C97C8BA90}.Debug|Any CPU.Build.0 = Debug|Any CPU
		{54343EC6-A4B9-4245-AEF1-BB8C97C8BA90}.Release|Any CPU.ActiveCfg = Release|Any CPU
		{54343EC6-A4B9-4245-AEF1-BB8C97C8BA90}.Release|Any CPU.Build.0 = Release|Any CPU
		{CDC4853C-F9C1-4086-9D1B-24F509931DE0}.Debug|Any CPU.ActiveCfg = Debug|Any CPU
		{CDC4853C-F9C1-4086-9D1B-24F509931DE0}.Debug|Any CPU.Build.0 = Debug|Any CPU
		{CDC4853C-F9C1-4086-9D1B-24F509931DE0}.Release|Any CPU.ActiveCfg = Release|Any CPU
		{CDC4853C-F9C1-4086-9D1B-24F509931DE0}.Release|Any CPU.Build.0 = Release|Any CPU
	EndGlobalSection
	GlobalSection(SolutionProperties) = preSolution
		HideSolutionNode = FALSE
	EndGlobalSection
	GlobalSection(ExtensibilityGlobals) = postSolution
		SolutionGuid = {326E99D4-E1F4-4AD1-A028-0B522D180F93}
	EndGlobalSection
EndGlobal
